
Microsoft Visual Studio Solution File, Format Version 12.00
# Visual Studio 15
VisualStudioVersion = 15.0.26124.0
MinimumVisualStudioVersion = 15.0.26124.0
Project("{FAE04EC0-301F-11D3-BF4B-00C04F79EFBC}") = "WebApi", "WebApi\WebApi.csproj", "{D5A2FCE5-FBDD-4AAB-BE8F-B384C8E3FD4D}"
EndProject
Project("{FAE04EC0-301F-11D3-BF4B-00C04F79EFBC}") = "BusinessLogicInterface", "BusinessLogicInterface\BusinessLogicInterface.csproj", "{0E0C09E9-DEE5-4549-9E2D-890B1A882E3C}"
EndProject
Project("{FAE04EC0-301F-11D3-BF4B-00C04F79EFBC}") = "BusinessLogic", "BusinessLogic\BusinessLogic.csproj", "{5FEC6D71-F909-490C-ABFF-DF5A4DED8E9E}"
EndProject
Project("{FAE04EC0-301F-11D3-BF4B-00C04F79EFBC}") = "Factory", "Factory\Factory.csproj", "{3361E6BE-E72B-457D-8DB2-96C25B6B3FB8}"
EndProject
Project("{FAE04EC0-301F-11D3-BF4B-00C04F79EFBC}") = "DataAccessInterface", "DataAccessInterface\DataAccessInterface.csproj", "{A1C2DB7F-7BD8-4177-96DB-38EECB9832FB}"
EndProject
Project("{FAE04EC0-301F-11D3-BF4B-00C04F79EFBC}") = "DataAccess", "DataAccess\DataAccess.csproj", "{F1D8C6CA-84AB-4297-BA38-BDF37CA73759}"
EndProject
Project("{FAE04EC0-301F-11D3-BF4B-00C04F79EFBC}") = "Domain", "Domain\Domain.csproj", "{7693889C-BC76-42A3-8C56-0D2EAD7C6642}"
EndProject
Project("{FAE04EC0-301F-11D3-BF4B-00C04F79EFBC}") = "Models", "Models\Models.csproj", "{6D5E2135-6FF0-475A-84FE-9415FA768427}"
EndProject
Global
	GlobalSection(SolutionConfigurationPlatforms) = preSolution
		Debug|Any CPU = Debug|Any CPU
		Debug|x64 = Debug|x64
		Debug|x86 = Debug|x86
		Release|Any CPU = Release|Any CPU
		Release|x64 = Release|x64
		Release|x86 = Release|x86
	EndGlobalSection
	GlobalSection(SolutionProperties) = preSolution
		HideSolutionNode = FALSE
	EndGlobalSection
	GlobalSection(ProjectConfigurationPlatforms) = postSolution
		{D5A2FCE5-FBDD-4AAB-BE8F-B384C8E3FD4D}.Debug|Any CPU.ActiveCfg = Debug|Any CPU
		{D5A2FCE5-FBDD-4AAB-BE8F-B384C8E3FD4D}.Debug|Any CPU.Build.0 = Debug|Any CPU
		{D5A2FCE5-FBDD-4AAB-BE8F-B384C8E3FD4D}.Debug|x64.ActiveCfg = Debug|Any CPU
		{D5A2FCE5-FBDD-4AAB-BE8F-B384C8E3FD4D}.Debug|x64.Build.0 = Debug|Any CPU
		{D5A2FCE5-FBDD-4AAB-BE8F-B384C8E3FD4D}.Debug|x86.ActiveCfg = Debug|Any CPU
		{D5A2FCE5-FBDD-4AAB-BE8F-B384C8E3FD4D}.Debug|x86.Build.0 = Debug|Any CPU
		{D5A2FCE5-FBDD-4AAB-BE8F-B384C8E3FD4D}.Release|Any CPU.ActiveCfg = Release|Any CPU
		{D5A2FCE5-FBDD-4AAB-BE8F-B384C8E3FD4D}.Release|Any CPU.Build.0 = Release|Any CPU
		{D5A2FCE5-FBDD-4AAB-BE8F-B384C8E3FD4D}.Release|x64.ActiveCfg = Release|Any CPU
		{D5A2FCE5-FBDD-4AAB-BE8F-B384C8E3FD4D}.Release|x64.Build.0 = Release|Any CPU
		{D5A2FCE5-FBDD-4AAB-BE8F-B384C8E3FD4D}.Release|x86.ActiveCfg = Release|Any CPU
		{D5A2FCE5-FBDD-4AAB-BE8F-B384C8E3FD4D}.Release|x86.Build.0 = Release|Any CPU
		{0E0C09E9-DEE5-4549-9E2D-890B1A882E3C}.Debug|Any CPU.ActiveCfg = Debug|Any CPU
		{0E0C09E9-DEE5-4549-9E2D-890B1A882E3C}.Debug|Any CPU.Build.0 = Debug|Any CPU
		{0E0C09E9-DEE5-4549-9E2D-890B1A882E3C}.Debug|x64.ActiveCfg = Debug|Any CPU
		{0E0C09E9-DEE5-4549-9E2D-890B1A882E3C}.Debug|x64.Build.0 = Debug|Any CPU
		{0E0C09E9-DEE5-4549-9E2D-890B1A882E3C}.Debug|x86.ActiveCfg = Debug|Any CPU
		{0E0C09E9-DEE5-4549-9E2D-890B1A882E3C}.Debug|x86.Build.0 = Debug|Any CPU
		{0E0C09E9-DEE5-4549-9E2D-890B1A882E3C}.Release|Any CPU.ActiveCfg = Release|Any CPU
		{0E0C09E9-DEE5-4549-9E2D-890B1A882E3C}.Release|Any CPU.Build.0 = Release|Any CPU
		{0E0C09E9-DEE5-4549-9E2D-890B1A882E3C}.Release|x64.ActiveCfg = Release|Any CPU
		{0E0C09E9-DEE5-4549-9E2D-890B1A882E3C}.Release|x64.Build.0 = Release|Any CPU
		{0E0C09E9-DEE5-4549-9E2D-890B1A882E3C}.Release|x86.ActiveCfg = Release|Any CPU
		{0E0C09E9-DEE5-4549-9E2D-890B1A882E3C}.Release|x86.Build.0 = Release|Any CPU
		{5FEC6D71-F909-490C-ABFF-DF5A4DED8E9E}.Debug|Any CPU.ActiveCfg = Debug|Any CPU
		{5FEC6D71-F909-490C-ABFF-DF5A4DED8E9E}.Debug|Any CPU.Build.0 = Debug|Any CPU
		{5FEC6D71-F909-490C-ABFF-DF5A4DED8E9E}.Debug|x64.ActiveCfg = Debug|Any CPU
		{5FEC6D71-F909-490C-ABFF-DF5A4DED8E9E}.Debug|x64.Build.0 = Debug|Any CPU
		{5FEC6D71-F909-490C-ABFF-DF5A4DED8E9E}.Debug|x86.ActiveCfg = Debug|Any CPU
		{5FEC6D71-F909-490C-ABFF-DF5A4DED8E9E}.Debug|x86.Build.0 = Debug|Any CPU
		{5FEC6D71-F909-490C-ABFF-DF5A4DED8E9E}.Release|Any CPU.ActiveCfg = Release|Any CPU
		{5FEC6D71-F909-490C-ABFF-DF5A4DED8E9E}.Release|Any CPU.Build.0 = Release|Any CPU
		{5FEC6D71-F909-490C-ABFF-DF5A4DED8E9E}.Release|x64.ActiveCfg = Release|Any CPU
		{5FEC6D71-F909-490C-ABFF-DF5A4DED8E9E}.Release|x64.Build.0 = Release|Any CPU
		{5FEC6D71-F909-490C-ABFF-DF5A4DED8E9E}.Release|x86.ActiveCfg = Release|Any CPU
		{5FEC6D71-F909-490C-ABFF-DF5A4DED8E9E}.Release|x86.Build.0 = Release|Any CPU
		{3361E6BE-E72B-457D-8DB2-96C25B6B3FB8}.Debug|Any CPU.ActiveCfg = Debug|Any CPU
		{3361E6BE-E72B-457D-8DB2-96C25B6B3FB8}.Debug|Any CPU.Build.0 = Debug|Any CPU
		{3361E6BE-E72B-457D-8DB2-96C25B6B3FB8}.Debug|x64.ActiveCfg = Debug|Any CPU
		{3361E6BE-E72B-457D-8DB2-96C25B6B3FB8}.Debug|x64.Build.0 = Debug|Any CPU
		{3361E6BE-E72B-457D-8DB2-96C25B6B3FB8}.Debug|x86.ActiveCfg = Debug|Any CPU
		{3361E6BE-E72B-457D-8DB2-96C25B6B3FB8}.Debug|x86.Build.0 = Debug|Any CPU
		{3361E6BE-E72B-457D-8DB2-96C25B6B3FB8}.Release|Any CPU.ActiveCfg = Release|Any CPU
		{3361E6BE-E72B-457D-8DB2-96C25B6B3FB8}.Release|Any CPU.Build.0 = Release|Any CPU
		{3361E6BE-E72B-457D-8DB2-96C25B6B3FB8}.Release|x64.ActiveCfg = Release|Any CPU
		{3361E6BE-E72B-457D-8DB2-96C25B6B3FB8}.Release|x64.Build.0 = Release|Any CPU
		{3361E6BE-E72B-457D-8DB2-96C25B6B3FB8}.Release|x86.ActiveCfg = Release|Any CPU
		{3361E6BE-E72B-457D-8DB2-96C25B6B3FB8}.Release|x86.Build.0 = Release|Any CPU
		{A1C2DB7F-7BD8-4177-96DB-38EECB9832FB}.Debug|Any CPU.ActiveCfg = Debug|Any CPU
		{A1C2DB7F-7BD8-4177-96DB-38EECB9832FB}.Debug|Any CPU.Build.0 = Debug|Any CPU
		{A1C2DB7F-7BD8-4177-96DB-38EECB9832FB}.Debug|x64.ActiveCfg = Debug|Any CPU
		{A1C2DB7F-7BD8-4177-96DB-38EECB9832FB}.Debug|x64.Build.0 = Debug|Any CPU
		{A1C2DB7F-7BD8-4177-96DB-38EECB9832FB}.Debug|x86.ActiveCfg = Debug|Any CPU
		{A1C2DB7F-7BD8-4177-96DB-38EECB9832FB}.Debug|x86.Build.0 = Debug|Any CPU
		{A1C2DB7F-7BD8-4177-96DB-38EECB9832FB}.Release|Any CPU.ActiveCfg = Release|Any CPU
		{A1C2DB7F-7BD8-4177-96DB-38EECB9832FB}.Release|Any CPU.Build.0 = Release|Any CPU
		{A1C2DB7F-7BD8-4177-96DB-38EECB9832FB}.Release|x64.ActiveCfg = Release|Any CPU
		{A1C2DB7F-7BD8-4177-96DB-38EECB9832FB}.Release|x64.Build.0 = Release|Any CPU
		{A1C2DB7F-7BD8-4177-96DB-38EECB9832FB}.Release|x86.ActiveCfg = Release|Any CPU
		{A1C2DB7F-7BD8-4177-96DB-38EECB9832FB}.Release|x86.Build.0 = Release|Any CPU
		{F1D8C6CA-84AB-4297-BA38-BDF37CA73759}.Debug|Any CPU.ActiveCfg = Debug|Any CPU
		{F1D8C6CA-84AB-4297-BA38-BDF37CA73759}.Debug|Any CPU.Build.0 = Debug|Any CPU
		{F1D8C6CA-84AB-4297-BA38-BDF37CA73759}.Debug|x64.ActiveCfg = Debug|Any CPU
		{F1D8C6CA-84AB-4297-BA38-BDF37CA73759}.Debug|x64.Build.0 = Debug|Any CPU
		{F1D8C6CA-84AB-4297-BA38-BDF37CA73759}.Debug|x86.ActiveCfg = Debug|Any CPU
		{F1D8C6CA-84AB-4297-BA38-BDF37CA73759}.Debug|x86.Build.0 = Debug|Any CPU
		{F1D8C6CA-84AB-4297-BA38-BDF37CA73759}.Release|Any CPU.ActiveCfg = Release|Any CPU
		{F1D8C6CA-84AB-4297-BA38-BDF37CA73759}.Release|Any CPU.Build.0 = Release|Any CPU
		{F1D8C6CA-84AB-4297-BA38-BDF37CA73759}.Release|x64.ActiveCfg = Release|Any CPU
		{F1D8C6CA-84AB-4297-BA38-BDF37CA73759}.Release|x64.Build.0 = Release|Any CPU
		{F1D8C6CA-84AB-4297-BA38-BDF37CA73759}.Release|x86.ActiveCfg = Release|Any CPU
		{F1D8C6CA-84AB-4297-BA38-BDF37CA73759}.Release|x86.Build.0 = Release|Any CPU
		{7693889C-BC76-42A3-8C56-0D2EAD7C6642}.Debug|Any CPU.ActiveCfg = Debug|Any CPU
		{7693889C-BC76-42A3-8C56-0D2EAD7C6642}.Debug|Any CPU.Build.0 = Debug|Any CPU
		{7693889C-BC76-42A3-8C56-0D2EAD7C6642}.Debug|x64.ActiveCfg = Debug|Any CPU
		{7693889C-BC76-42A3-8C56-0D2EAD7C6642}.Debug|x64.Build.0 = Debug|Any CPU
		{7693889C-BC76-42A3-8C56-0D2EAD7C6642}.Debug|x86.ActiveCfg = Debug|Any CPU
		{7693889C-BC76-42A3-8C56-0D2EAD7C6642}.Debug|x86.Build.0 = Debug|Any CPU
		{7693889C-BC76-42A3-8C56-0D2EAD7C6642}.Release|Any CPU.ActiveCfg = Release|Any CPU
		{7693889C-BC76-42A3-8C56-0D2EAD7C6642}.Release|Any CPU.Build.0 = Release|Any CPU
		{7693889C-BC76-42A3-8C56-0D2EAD7C6642}.Release|x64.ActiveCfg = Release|Any CPU
		{7693889C-BC76-42A3-8C56-0D2EAD7C6642}.Release|x64.Build.0 = Release|Any CPU
		{7693889C-BC76-42A3-8C56-0D2EAD7C6642}.Release|x86.ActiveCfg = Release|Any CPU
		{7693889C-BC76-42A3-8C56-0D2EAD7C6642}.Release|x86.Build.0 = Release|Any CPU
		{6D5E2135-6FF0-475A-84FE-9415FA768427}.Debug|Any CPU.ActiveCfg = Debug|Any CPU
		{6D5E2135-6FF0-475A-84FE-9415FA768427}.Debug|Any CPU.Build.0 = Debug|Any CPU
		{6D5E2135-6FF0-475A-84FE-9415FA768427}.Debug|x64.ActiveCfg = Debug|Any CPU
		{6D5E2135-6FF0-475A-84FE-9415FA768427}.Debug|x64.Build.0 = Debug|Any CPU
		{6D5E2135-6FF0-475A-84FE-9415FA768427}.Debug|x86.ActiveCfg = Debug|Any CPU
		{6D5E2135-6FF0-475A-84FE-9415FA768427}.Debug|x86.Build.0 = Debug|Any CPU
		{6D5E2135-6FF0-475A-84FE-9415FA768427}.Release|Any CPU.ActiveCfg = Release|Any CPU
		{6D5E2135-6FF0-475A-84FE-9415FA768427}.Release|Any CPU.Build.0 = Release|Any CPU
		{6D5E2135-6FF0-475A-84FE-9415FA768427}.Release|x64.ActiveCfg = Release|Any CPU
		{6D5E2135-6FF0-475A-84FE-9415FA768427}.Release|x64.Build.0 = Release|Any CPU
		{6D5E2135-6FF0-475A-84FE-9415FA768427}.Release|x86.ActiveCfg = Release|Any CPU
		{6D5E2135-6FF0-475A-84FE-9415FA768427}.Release|x86.Build.0 = Release|Any CPU
	EndGlobalSection
EndGlobal
